
Microsoft Visual Studio Solution File, Format Version 12.00
# Visual Studio Version 17
VisualStudioVersion = 17.14.37328.6
MinimumVisualStudioVersion = 10.0.40219.1
Project("{FAE04EC0-301F-11D3-BF4B-00C04F79EFBC}") = "API", "API\API.csproj", "{4FDBFCF2-1D97-4BB4-95B7-A60224F95236}"
EndProject
Project("{FAE04EC0-301F-11D3-BF4B-00C04F79EFBC}") = "Core", "Core\Core.csproj", "{41CD1EBC-5DC4-4CC4-BE5A-61714B41DEF9}"
EndProject
Global
	GlobalSection(SolutionConfigurationPlatforms) = preSolution
		Debug|Any CPU = Debug|Any CPU
		Release|Any CPU = Release|Any CPU
	EndGlobalSection
	GlobalSection(ProjectConfigurationPlatforms) = postSolution
		{4FDBFCF2-1D97-4BB4-95B7-A60224F95236}.Debug|Any CPU.ActiveCfg = Debug|Any CPU
		{4FDBFCF2-1D97-4BB4-95B7-A60224F95236}.Debug|Any CPU.Build.0 = Debug|Any CPU
		{4FDBFCF2-1D97-4BB4-95B7-A60224F95236}.Release|Any CPU.ActiveCfg = Release|Any CPU
		{4FDBFCF2-1D97-4BB4-95B7-A60224F95236}.Release|Any CPU.Build.0 = Release|Any CPU
		{41CD1EBC-5DC4-4CC4-BE5A-61714B41DEF9}.Debug|Any CPU.ActiveCfg = Debug|Any CPU
		{41CD1EBC-5DC4-4CC4-BE5A-61714B41DEF9}.Debug|Any CPU.Build.0 = Debug|Any CPU
		{41CD1EBC-5DC4-4CC4-BE5A-61714B41DEF9}.Release|Any CPU.ActiveCfg = Release|Any CPU
		{41CD1EBC-5DC4-4CC4-BE5A-61714B41DEF9}.Release|Any CPU.Build.0 = Release|Any CPU
	EndGlobalSection
	GlobalSection(SolutionProperties) = preSolution
		HideSolutionNode = FALSE
	EndGlobalSection
	GlobalSection(ExtensibilityGlobals) = postSolution
		SolutionGuid = {C066320F-1C71-46F7-8A9A-CCA0CCEF9D40}
	EndGlobalSection
EndGlobal
